Microsoft Visual Studio Solution File, Format Version 12.00
# Visual Studio Version 17
VisualStudioVersion = 17.4.33213.308
MinimumVisualStudioVersion = 10.0.40219.1
Project("{F184B08F-C81C-45F6-A57F-5ABD9991F28F}") = "RestaurantManagement", "RestaurantManagement\RestaurantManagement.vbproj", "{E87D3B51-61F9-4C0A-90B1-5D3E7412A091}"
EndProject
Global
	GlobalSection(SolutionConfigurationPlatforms) = preSolution
		Debug|Any CPU = Debug|Any CPU
		Release|Any CPU = Release|Any CPU
	EndGlobalSection
	GlobalSection(ProjectConfigurationPlatforms) = postSolution
		{E87D3B51-61F9-4C0A-90B1-5D3E7412A091}.Debug|Any CPU.ActiveCfg = Debug|Any CPU
		{E87D3B51-61F9-4C0A-90B1-5D3E7412A091}.Debug|Any CPU.Build.0 = Debug|Any CPU
		{E87D3B51-61F9-4C0A-90B1-5D3E7412A091}.Release|Any CPU.ActiveCfg = Release|Any CPU
		{E87D3B51-61F9-4C0A-90B1-5D3E7412A091}.Release|Any CPU.Build.0 = Release|Any CPU
	EndGlobalSection
	GlobalSection(SolutionProperties) = preSolution
		HideSolutionNode = FALSE
	EndGlobalSection
	GlobalSection(ExtensibilityGlobals) = postSolution
		SolutionGuid = {44B9E482-1D56-4AA6-9A87-BE7616A9E923}
	EndGlobalSection
EndGlobal
